
Microsoft Visual Studio Solution File, Format Version 12.00
# Visual Studio Version 17
VisualStudioVersion = 17.0.31903.59
MinimumVisualStudioVersion = 10.0.40219.1
Project("{2150E333-8FDC-42A3-9474-1A3956D46DE8}") = "src", "src", "{827E0CD3-B72D-47B6-A68D-7590B98EB39B}"
EndProject
Project("{FAE04EC0-301F-11D3-BF4B-00C04F79EFBC}") = "IntelligeN.Core.Abstractions", "src\IntelligeN.Core.Abstractions\IntelligeN.Core.Abstractions.csproj", "{3B200406-E9BC-4C27-A94F-FB8CA02FAA12}"
EndProject
Project("{FAE04EC0-301F-11D3-BF4B-00C04F79EFBC}") = "IntelligeN.Core", "src\IntelligeN.Core\IntelligeN.Core.csproj", "{CAD4D310-24A8-4B95-87F9-C376D704BC12}"
EndProject
Project("{FAE04EC0-301F-11D3-BF4B-00C04F79EFBC}") = "IntelligeN.Infrastructure", "src\IntelligeN.Infrastructure\IntelligeN.Infrastructure.csproj", "{F06C9813-3EA7-4610-8287-3BACE2F50C69}"
EndProject
Project("{FAE04EC0-301F-11D3-BF4B-00C04F79EFBC}") = "IntelligeN.SDK", "src\IntelligeN.SDK\IntelligeN.SDK.csproj", "{EC2A994E-7855-4C98-A75B-20E0E5499E6E}"
EndProject
Project("{FAE04EC0-301F-11D3-BF4B-00C04F79EFBC}") = "IntelligeN.PluginHost", "src\IntelligeN.PluginHost\IntelligeN.PluginHost.csproj", "{FAAAE8D1-799A-479B-98BD-F858FE404120}"
EndProject
Project("{FAE04EC0-301F-11D3-BF4B-00C04F79EFBC}") = "IntelligeN.App.Contracts", "src\IntelligeN.App.Contracts\IntelligeN.App.Contracts.csproj", "{5C931312-ACC8-4788-98D8-EA2C2ED1851C}"
EndProject
Project("{FAE04EC0-301F-11D3-BF4B-00C04F79EFBC}") = "IntelligeN.LegacyImport", "src\IntelligeN.LegacyImport\IntelligeN.LegacyImport.csproj", "{B9776015-803B-4FEE-A93D-4AE2962AA2D2}"
EndProject
Project("{FAE04EC0-301F-11D3-BF4B-00C04F79EFBC}") = "IntelligeN.App", "src\IntelligeN.App\IntelligeN.App.csproj", "{484AC2E3-EBB6-4DD7-81DD-332D814D798C}"
EndProject
Project("{2150E333-8FDC-42A3-9474-1A3956D46DE8}") = "plugins", "plugins", "{07D57EEB-2F50-60C4-C011-FE4FA775C9A8}"
EndProject
Project("{FAE04EC0-301F-11D3-BF4B-00C04F79EFBC}") = "IntelligeN.Plugin.Cms.WordPress", "plugins\IntelligeN.Plugin.Cms.WordPress\IntelligeN.Plugin.Cms.WordPress.csproj", "{0870D5F7-F4FB-4851-B347-72EDC7F10E51}"
EndProject
Project("{FAE04EC0-301F-11D3-BF4B-00C04F79EFBC}") = "IntelligeN.Plugin.Crawler.Example", "plugins\IntelligeN.Plugin.Crawler.Example\IntelligeN.Plugin.Crawler.Example.csproj", "{D61C6293-814D-428A-8438-03976EBDE01E}"
EndProject
Project("{FAE04EC0-301F-11D3-BF4B-00C04F79EFBC}") = "IntelligeN.Plugin.FileHoster.Example", "plugins\IntelligeN.Plugin.FileHoster.Example\IntelligeN.Plugin.FileHoster.Example.csproj", "{17AA1065-3C8C-4B81-96DF-6F54E7E84DA7}"
EndProject
Project("{FAE04EC0-301F-11D3-BF4B-00C04F79EFBC}") = "IntelligeN.Plugin.Cms.MyBB", "plugins\IntelligeN.Plugin.Cms.MyBB\IntelligeN.Plugin.Cms.MyBB.csproj", "{3DA57790-F11D-44B5-B8AA-8F2177F2421B}"
EndProject
Project("{FAE04EC0-301F-11D3-BF4B-00C04F79EFBC}") = "IntelligeN.Plugin.Crawler.Xrel", "plugins\IntelligeN.Plugin.Crawler.Xrel\IntelligeN.Plugin.Crawler.Xrel.csproj", "{A319D8FD-3948-44A1-BBC0-E9CAC3E38C97}"
EndProject
Global
	GlobalSection(SolutionConfigurationPlatforms) = preSolution
		Debug|Any CPU = Debug|Any CPU
		Debug|x64 = Debug|x64
		Debug|x86 = Debug|x86
		Release|Any CPU = Release|Any CPU
		Release|x64 = Release|x64
		Release|x86 = Release|x86
	EndGlobalSection
	GlobalSection(ProjectConfigurationPlatforms) = postSolution
		{3B200406-E9BC-4C27-A94F-FB8CA02FAA12}.Debug|Any CPU.ActiveCfg = Debug|Any CPU
		{3B200406-E9BC-4C27-A94F-FB8CA02FAA12}.Debug|Any CPU.Build.0 = Debug|Any CPU
		{3B200406-E9BC-4C27-A94F-FB8CA02FAA12}.Debug|x64.ActiveCfg = Debug|Any CPU
		{3B200406-E9BC-4C27-A94F-FB8CA02FAA12}.Debug|x64.Build.0 = Debug|Any CPU
		{3B200406-E9BC-4C27-A94F-FB8CA02FAA12}.Debug|x86.ActiveCfg = Debug|Any CPU
		{3B200406-E9BC-4C27-A94F-FB8CA02FAA12}.Debug|x86.Build.0 = Debug|Any CPU
		{3B200406-E9BC-4C27-A94F-FB8CA02FAA12}.Release|Any CPU.ActiveCfg = Release|Any CPU
		{3B200406-E9BC-4C27-A94F-FB8CA02FAA12}.Release|Any CPU.Build.0 = Release|Any CPU
		{3B200406-E9BC-4C27-A94F-FB8CA02FAA12}.Release|x64.ActiveCfg = Release|Any CPU
		{3B200406-E9BC-4C27-A94F-FB8CA02FAA12}.Release|x64.Build.0 = Release|Any CPU
		{3B200406-E9BC-4C27-A94F-FB8CA02FAA12}.Release|x86.ActiveCfg = Release|Any CPU
		{3B200406-E9BC-4C27-A94F-FB8CA02FAA12}.Release|x86.Build.0 = Release|Any CPU
		{CAD4D310-24A8-4B95-87F9-C376D704BC12}.Debug|Any CPU.ActiveCfg = Debug|Any CPU
		{CAD4D310-24A8-4B95-87F9-C376D704BC12}.Debug|Any CPU.Build.0 = Debug|Any CPU
		{CAD4D310-24A8-4B95-87F9-C376D704BC12}.Debug|x64.ActiveCfg = Debug|Any CPU
		{CAD4D310-24A8-4B95-87F9-C376D704BC12}.Debug|x64.Build.0 = Debug|Any CPU
		{CAD4D310-24A8-4B95-87F9-C376D704BC12}.Debug|x86.ActiveCfg = Debug|Any CPU
		{CAD4D310-24A8-4B95-87F9-C376D704BC12}.Debug|x86.Build.0 = Debug|Any CPU
		{CAD4D310-24A8-4B95-87F9-C376D704BC12}.Release|Any CPU.ActiveCfg = Release|Any CPU
		{CAD4D310-24A8-4B95-87F9-C376D704BC12}.Release|Any CPU.Build.0 = Release|Any CPU
		{CAD4D310-24A8-4B95-87F9-C376D704BC12}.Release|x64.ActiveCfg = Release|Any CPU
		{CAD4D310-24A8-4B95-87F9-C376D704BC12}.Release|x64.Build.0 = Release|Any CPU
		{CAD4D310-24A8-4B95-87F9-C376D704BC12}.Release|x86.ActiveCfg = Release|Any CPU
		{CAD4D310-24A8-4B95-87F9-C376D704BC12}.Release|x86.Build.0 = Release|Any CPU
		{F06C9813-3EA7-4610-8287-3BACE2F50C69}.Debug|Any CPU.ActiveCfg = Debug|Any CPU
		{F06C9813-3EA7-4610-8287-3BACE2F50C69}.Debug|Any CPU.Build.0 = Debug|Any CPU
		{F06C9813-3EA7-4610-8287-3BACE2F50C69}.Debug|x64.ActiveCfg = Debug|Any CPU
		{F06C9813-3EA7-4610-8287-3BACE2F50C69}.Debug|x64.Build.0 = Debug|Any CPU
		{F06C9813-3EA7-4610-8287-3BACE2F50C69}.Debug|x86.ActiveCfg = Debug|Any CPU
		{F06C9813-3EA7-4610-8287-3BACE2F50C69}.Debug|x86.Build.0 = Debug|Any CPU
		{F06C9813-3EA7-4610-8287-3BACE2F50C69}.Release|Any CPU.ActiveCfg = Release|Any CPU
		{F06C9813-3EA7-4610-8287-3BACE2F50C69}.Release|Any CPU.Build.0 = Release|Any CPU
		{F06C9813-3EA7-4610-8287-3BACE2F50C69}.Release|x64.ActiveCfg = Release|Any CPU
		{F06C9813-3EA7-4610-8287-3BACE2F50C69}.Release|x64.Build.0 = Release|Any CPU
		{F06C9813-3EA7-4610-8287-3BACE2F50C69}.Release|x86.ActiveCfg = Release|Any CPU
		{F06C9813-3EA7-4610-8287-3BACE2F50C69}.Release|x86.Build.0 = Release|Any CPU
		{EC2A994E-7855-4C98-A75B-20E0E5499E6E}.Debug|Any CPU.ActiveCfg = Debug|Any CPU
		{EC2A994E-7855-4C98-A75B-20E0E5499E6E}.Debug|Any CPU.Build.0 = Debug|Any CPU
		{EC2A994E-7855-4C98-A75B-20E0E5499E6E}.Debug|x64.ActiveCfg = Debug|Any CPU
		{EC2A994E-7855-4C98-A75B-20E0E5499E6E}.Debug|x64.Build.0 = Debug|Any CPU
		{EC2A994E-7855-4C98-A75B-20E0E5499E6E}.Debug|x86.ActiveCfg = Debug|Any CPU
		{EC2A994E-7855-4C98-A75B-20E0E5499E6E}.Debug|x86.Build.0 = Debug|Any CPU
		{EC2A994E-7855-4C98-A75B-20E0E5499E6E}.Release|Any CPU.ActiveCfg = Release|Any CPU
		{EC2A994E-7855-4C98-A75B-20E0E5499E6E}.Release|Any CPU.Build.0 = Release|Any CPU
		{EC2A994E-7855-4C98-A75B-20E0E5499E6E}.Release|x64.ActiveCfg = Release|Any CPU
		{EC2A994E-7855-4C98-A75B-20E0E5499E6E}.Release|x64.Build.0 = Release|Any CPU
		{EC2A994E-7855-4C98-A75B-20E0E5499E6E}.Release|x86.ActiveCfg = Release|Any CPU
		{EC2A994E-7855-4C98-A75B-20E0E5499E6E}.Release|x86.Build.0 = Release|Any CPU
		{FAAAE8D1-799A-479B-98BD-F858FE404120}.Debug|Any CPU.ActiveCfg = Debug|Any CPU
		{FAAAE8D1-799A-479B-98BD-F858FE404120}.Debug|Any CPU.Build.0 = Debug|Any CPU
		{FAAAE8D1-799A-479B-98BD-F858FE404120}.Debug|x64.ActiveCfg = Debug|Any CPU
		{FAAAE8D1-799A-479B-98BD-F858FE404120}.Debug|x64.Build.0 = Debug|Any CPU
		{FAAAE8D1-799A-479B-98BD-F858FE404120}.Debug|x86.ActiveCfg = Debug|Any CPU
		{FAAAE8D1-799A-479B-98BD-F858FE404120}.Debug|x86.Build.0 = Debug|Any CPU
		{FAAAE8D1-799A-479B-98BD-F858FE404120}.Release|Any CPU.ActiveCfg = Release|Any CPU
		{FAAAE8D1-799A-479B-98BD-F858FE404120}.Release|Any CPU.Build.0 = Release|Any CPU
		{FAAAE8D1-799A-479B-98BD-F858FE404120}.Release|x64.ActiveCfg = Release|Any CPU
		{FAAAE8D1-799A-479B-98BD-F858FE404120}.Release|x64.Build.0 = Release|Any CPU
		{FAAAE8D1-799A-479B-98BD-F858FE404120}.Release|x86.ActiveCfg = Release|Any CPU
		{FAAAE8D1-799A-479B-98BD-F858FE404120}.Release|x86.Build.0 = Release|Any CPU
		{5C931312-ACC8-4788-98D8-EA2C2ED1851C}.Debug|Any CPU.ActiveCfg = Debug|Any CPU
		{5C931312-ACC8-4788-98D8-EA2C2ED1851C}.Debug|Any CPU.Build.0 = Debug|Any CPU
		{5C931312-ACC8-4788-98D8-EA2C2ED1851C}.Debug|x64.ActiveCfg = Debug|Any CPU
		{5C931312-ACC8-4788-98D8-EA2C2ED1851C}.Debug|x64.Build.0 = Debug|Any CPU
		{5C931312-ACC8-4788-98D8-EA2C2ED1851C}.Debug|x86.ActiveCfg = Debug|Any CPU
		{5C931312-ACC8-4788-98D8-EA2C2ED1851C}.Debug|x86.Build.0 = Debug|Any CPU
		{5C931312-ACC8-4788-98D8-EA2C2ED1851C}.Release|Any CPU.ActiveCfg = Release|Any CPU
		{5C931312-ACC8-4788-98D8-EA2C2ED1851C}.Release|Any CPU.Build.0 = Release|Any CPU
		{5C931312-ACC8-4788-98D8-EA2C2ED1851C}.Release|x64.ActiveCfg = Release|Any CPU
		{5C931312-ACC8-4788-98D8-EA2C2ED1851C}.Release|x64.Build.0 = Release|Any CPU
		{5C931312-ACC8-4788-98D8-EA2C2ED1851C}.Release|x86.ActiveCfg = Release|Any CPU
		{5C931312-ACC8-4788-98D8-EA2C2ED1851C}.Release|x86.Build.0 = Release|Any CPU
		{B9776015-803B-4FEE-A93D-4AE2962AA2D2}.Debug|Any CPU.ActiveCfg = Debug|Any CPU
		{B9776015-803B-4FEE-A93D-4AE2962AA2D2}.Debug|Any CPU.Build.0 = Debug|Any CPU
		{B9776015-803B-4FEE-A93D-4AE2962AA2D2}.Debug|x64.ActiveCfg = Debug|Any CPU
		{B9776015-803B-4FEE-A93D-4AE2962AA2D2}.Debug|x64.Build.0 = Debug|Any CPU
		{B9776015-803B-4FEE-A93D-4AE2962AA2D2}.Debug|x86.ActiveCfg = Debug|Any CPU
		{B9776015-803B-4FEE-A93D-4AE2962AA2D2}.Debug|x86.Build.0 = Debug|Any CPU
		{B9776015-803B-4FEE-A93D-4AE2962AA2D2}.Release|Any CPU.ActiveCfg = Release|Any CPU
		{B9776015-803B-4FEE-A93D-4AE2962AA2D2}.Release|Any CPU.Build.0 = Release|Any CPU
		{B9776015-803B-4FEE-A93D-4AE2962AA2D2}.Release|x64.ActiveCfg = Release|Any CPU
		{B9776015-803B-4FEE-A93D-4AE2962AA2D2}.Release|x64.Build.0 = Release|Any CPU
		{B9776015-803B-4FEE-A93D-4AE2962AA2D2}.Release|x86.ActiveCfg = Release|Any CPU
		{B9776015-803B-4FEE-A93D-4AE2962AA2D2}.Release|x86.Build.0 = Release|Any CPU
		{484AC2E3-EBB6-4DD7-81DD-332D814D798C}.Debug|Any CPU.ActiveCfg = Debug|Any CPU
		{484AC2E3-EBB6-4DD7-81DD-332D814D798C}.Debug|Any CPU.Build.0 = Debug|Any CPU
		{484AC2E3-EBB6-4DD7-81DD-332D814D798C}.Debug|x64.ActiveCfg = Debug|Any CPU
		{484AC2E3-EBB6-4DD7-81DD-332D814D798C}.Debug|x64.Build.0 = Debug|Any CPU
		{484AC2E3-EBB6-4DD7-81DD-332D814D798C}.Debug|x86.ActiveCfg = Debug|Any CPU
		{484AC2E3-EBB6-4DD7-81DD-332D814D798C}.Debug|x86.Build.0 = Debug|Any CPU
		{484AC2E3-EBB6-4DD7-81DD-332D814D798C}.Release|Any CPU.ActiveCfg = Release|Any CPU
		{484AC2E3-EBB6-4DD7-81DD-332D814D798C}.Release|Any CPU.Build.0 = Release|Any CPU
		{484AC2E3-EBB6-4DD7-81DD-332D814D798C}.Release|x64.ActiveCfg = Release|Any CPU
		{484AC2E3-EBB6-4DD7-81DD-332D814D798C}.Release|x64.Build.0 = Release|Any CPU
		{484AC2E3-EBB6-4DD7-81DD-332D814D798C}.Release|x86.ActiveCfg = Release|Any CPU
		{484AC2E3-EBB6-4DD7-81DD-332D814D798C}.Release|x86.Build.0 = Release|Any CPU
		{0870D5F7-F4FB-4851-B347-72EDC7F10E51}.Debug|Any CPU.ActiveCfg = Debug|Any CPU
		{0870D5F7-F4FB-4851-B347-72EDC7F10E51}.Debug|Any CPU.Build.0 = Debug|Any CPU
		{0870D5F7-F4FB-4851-B347-72EDC7F10E51}.Debug|x64.ActiveCfg = Debug|Any CPU
		{0870D5F7-F4FB-4851-B347-72EDC7F10E51}.Debug|x64.Build.0 = Debug|Any CPU
		{0870D5F7-F4FB-4851-B347-72EDC7F10E51}.Debug|x86.ActiveCfg = Debug|Any CPU
		{0870D5F7-F4FB-4851-B347-72EDC7F10E51}.Debug|x86.Build.0 = Debug|Any CPU
		{0870D5F7-F4FB-4851-B347-72EDC7F10E51}.Release|Any CPU.ActiveCfg = Release|Any CPU
		{0870D5F7-F4FB-4851-B347-72EDC7F10E51}.Release|Any CPU.Build.0 = Release|Any CPU
		{0870D5F7-F4FB-4851-B347-72EDC7F10E51}.Release|x64.ActiveCfg = Release|Any CPU
		{0870D5F7-F4FB-4851-B347-72EDC7F10E51}.Release|x64.Build.0 = Release|Any CPU
		{0870D5F7-F4FB-4851-B347-72EDC7F10E51}.Release|x86.ActiveCfg = Release|Any CPU
		{0870D5F7-F4FB-4851-B347-72EDC7F10E51}.Release|x86.Build.0 = Release|Any CPU
		{D61C6293-814D-428A-8438-03976EBDE01E}.Debug|Any CPU.ActiveCfg = Debug|Any CPU
		{D61C6293-814D-428A-8438-03976EBDE01E}.Debug|Any CPU.Build.0 = Debug|Any CPU
		{D61C6293-814D-428A-8438-03976EBDE01E}.Debug|x64.ActiveCfg = Debug|Any CPU
		{D61C6293-814D-428A-8438-03976EBDE01E}.Debug|x64.Build.0 = Debug|Any CPU
		{D61C6293-814D-428A-8438-03976EBDE01E}.Debug|x86.ActiveCfg = Debug|Any CPU
		{D61C6293-814D-428A-8438-03976EBDE01E}.Debug|x86.Build.0 = Debug|Any CPU
		{D61C6293-814D-428A-8438-03976EBDE01E}.Release|Any CPU.ActiveCfg = Release|Any CPU
		{D61C6293-814D-428A-8438-03976EBDE01E}.Release|Any CPU.Build.0 = Release|Any CPU
		{D61C6293-814D-428A-8438-03976EBDE01E}.Release|x64.ActiveCfg = Release|Any CPU
		{D61C6293-814D-428A-8438-03976EBDE01E}.Release|x64.Build.0 = Release|Any CPU
		{D61C6293-814D-428A-8438-03976EBDE01E}.Release|x86.ActiveCfg = Release|Any CPU
		{D61C6293-814D-428A-8438-03976EBDE01E}.Release|x86.Build.0 = Release|Any CPU
		{17AA1065-3C8C-4B81-96DF-6F54E7E84DA7}.Debug|Any CPU.ActiveCfg = Debug|Any CPU
		{17AA1065-3C8C-4B81-96DF-6F54E7E84DA7}.Debug|Any CPU.Build.0 = Debug|Any CPU
		{17AA1065-3C8C-4B81-96DF-6F54E7E84DA7}.Debug|x64.ActiveCfg = Debug|Any CPU
		{17AA1065-3C8C-4B81-96DF-6F54E7E84DA7}.Debug|x64.Build.0 = Debug|Any CPU
		{17AA1065-3C8C-4B81-96DF-6F54E7E84DA7}.Debug|x86.ActiveCfg = Debug|Any CPU
		{17AA1065-3C8C-4B81-96DF-6F54E7E84DA7}.Debug|x86.Build.0 = Debug|Any CPU
		{17AA1065-3C8C-4B81-96DF-6F54E7E84DA7}.Release|Any CPU.ActiveCfg = Release|Any CPU
		{17AA1065-3C8C-4B81-96DF-6F54E7E84DA7}.Release|Any CPU.Build.0 = Release|Any CPU
		{17AA1065-3C8C-4B81-96DF-6F54E7E84DA7}.Release|x64.ActiveCfg = Release|Any CPU
		{17AA1065-3C8C-4B81-96DF-6F54E7E84DA7}.Release|x64.Build.0 = Release|Any CPU
		{17AA1065-3C8C-4B81-96DF-6F54E7E84DA7}.Release|x86.ActiveCfg = Release|Any CPU
		{17AA1065-3C8C-4B81-96DF-6F54E7E84DA7}.Release|x86.Build.0 = Release|Any CPU
		{3DA57790-F11D-44B5-B8AA-8F2177F2421B}.Debug|Any CPU.ActiveCfg = Debug|Any CPU
		{3DA57790-F11D-44B5-B8AA-8F2177F2421B}.Debug|Any CPU.Build.0 = Debug|Any CPU
		{3DA57790-F11D-44B5-B8AA-8F2177F2421B}.Debug|x64.ActiveCfg = Debug|Any CPU
		{3DA57790-F11D-44B5-B8AA-8F2177F2421B}.Debug|x64.Build.0 = Debug|Any CPU
		{3DA57790-F11D-44B5-B8AA-8F2177F2421B}.Debug|x86.ActiveCfg = Debug|Any CPU
		{3DA57790-F11D-44B5-B8AA-8F2177F2421B}.Debug|x86.Build.0 = Debug|Any CPU
		{3DA57790-F11D-44B5-B8AA-8F2177F2421B}.Release|Any CPU.ActiveCfg = Release|Any CPU
		{3DA57790-F11D-44B5-B8AA-8F2177F2421B}.Release|Any CPU.Build.0 = Release|Any CPU
		{3DA57790-F11D-44B5-B8AA-8F2177F2421B}.Release|x64.ActiveCfg = Release|Any CPU
		{3DA57790-F11D-44B5-B8AA-8F2177F2421B}.Release|x64.Build.0 = Release|Any CPU
		{3DA57790-F11D-44B5-B8AA-8F2177F2421B}.Release|x86.ActiveCfg = Release|Any CPU
		{3DA57790-F11D-44B5-B8AA-8F2177F2421B}.Release|x86.Build.0 = Release|Any CPU
		{A319D8FD-3948-44A1-BBC0-E9CAC3E38C97}.Debug|Any CPU.ActiveCfg = Debug|Any CPU
		{A319D8FD-3948-44A1-BBC0-E9CAC3E38C97}.Debug|Any CPU.Build.0 = Debug|Any CPU
		{A319D8FD-3948-44A1-BBC0-E9CAC3E38C97}.Debug|x64.ActiveCfg = Debug|Any CPU
		{A319D8FD-3948-44A1-BBC0-E9CAC3E38C97}.Debug|x64.Build.0 = Debug|Any CPU
		{A319D8FD-3948-44A1-BBC0-E9CAC3E38C97}.Debug|x86.ActiveCfg = Debug|Any CPU
		{A319D8FD-3948-44A1-BBC0-E9CAC3E38C97}.Debug|x86.Build.0 = Debug|Any CPU
		{A319D8FD-3948-44A1-BBC0-E9CAC3E38C97}.Release|Any CPU.ActiveCfg = Release|Any CPU
		{A319D8FD-3948-44A1-BBC0-E9CAC3E38C97}.Release|Any CPU.Build.0 = Release|Any CPU
		{A319D8FD-3948-44A1-BBC0-E9CAC3E38C97}.Release|x64.ActiveCfg = Release|Any CPU
		{A319D8FD-3948-44A1-BBC0-E9CAC3E38C97}.Release|x64.Build.0 = Release|Any CPU
		{A319D8FD-3948-44A1-BBC0-E9CAC3E38C97}.Release|x86.ActiveCfg = Release|Any CPU
		{A319D8FD-3948-44A1-BBC0-E9CAC3E38C97}.Release|x86.Build.0 = Release|Any CPU
	EndGlobalSection
	GlobalSection(SolutionProperties) = preSolution
		HideSolutionNode = FALSE
	EndGlobalSection
	GlobalSection(NestedProjects) = preSolution
		{3B200406-E9BC-4C27-A94F-FB8CA02FAA12} = {827E0CD3-B72D-47B6-A68D-7590B98EB39B}
		{CAD4D310-24A8-4B95-87F9-C376D704BC12} = {827E0CD3-B72D-47B6-A68D-7590B98EB39B}
		{F06C9813-3EA7-4610-8287-3BACE2F50C69} = {827E0CD3-B72D-47B6-A68D-7590B98EB39B}
		{EC2A994E-7855-4C98-A75B-20E0E5499E6E} = {827E0CD3-B72D-47B6-A68D-7590B98EB39B}
		{FAAAE8D1-799A-479B-98BD-F858FE404120} = {827E0CD3-B72D-47B6-A68D-7590B98EB39B}
		{5C931312-ACC8-4788-98D8-EA2C2ED1851C} = {827E0CD3-B72D-47B6-A68D-7590B98EB39B}
		{B9776015-803B-4FEE-A93D-4AE2962AA2D2} = {827E0CD3-B72D-47B6-A68D-7590B98EB39B}
		{484AC2E3-EBB6-4DD7-81DD-332D814D798C} = {827E0CD3-B72D-47B6-A68D-7590B98EB39B}
		{0870D5F7-F4FB-4851-B347-72EDC7F10E51} = {07D57EEB-2F50-60C4-C011-FE4FA775C9A8}
		{D61C6293-814D-428A-8438-03976EBDE01E} = {07D57EEB-2F50-60C4-C011-FE4FA775C9A8}
		{17AA1065-3C8C-4B81-96DF-6F54E7E84DA7} = {07D57EEB-2F50-60C4-C011-FE4FA775C9A8}
		{3DA57790-F11D-44B5-B8AA-8F2177F2421B} = {07D57EEB-2F50-60C4-C011-FE4FA775C9A8}
		{A319D8FD-3948-44A1-BBC0-E9CAC3E38C97} = {07D57EEB-2F50-60C4-C011-FE4FA775C9A8}
	EndGlobalSection
EndGlobal
